
Microsoft Visual Studio Solution File, Format Version 12.00
# Visual Studio Version 16
VisualStudioVersion = 25.0.1703.5
MinimumVisualStudioVersion = 10.0.40219.1
Project("{2150E333-8FDC-42A3-9474-1A3956D46DE8}") = "tests", "tests", "{E4CF55EC-5620-4F66-BF7E-3F4644965DD9}"
EndProject
Project("{2150E333-8FDC-42A3-9474-1A3956D46DE8}") = "src", "src", "{BA1BE5D7-A6B3-4E39-AC6F-011AE13A210F}"
EndProject
Project("{2150E333-8FDC-42A3-9474-1A3956D46DE8}") = "presentation", "presentation", "{EE52BF22-D2ED-422B-8869-BB2A9C811FB9}"
EndProject
Project("{2150E333-8FDC-42A3-9474-1A3956D46DE8}") = "infrastructure", "infrastructure", "{0925075D-9A80-4A13-A401-F461B0990E1F}"
EndProject
Project("{2150E333-8FDC-42A3-9474-1A3956D46DE8}") = "core", "core", "{5C51174F-39DD-4D26-949A-F20F270A2CEC}"
EndProject
Project("{FAE04EC0-301F-11D3-BF4B-00C04F79EFBC}") = "application", "src\core\application\application.csproj", "{7980645C-FFFC-4B21-B4A1-BC6A0A910AF0}"
EndProject
Project("{FAE04EC0-301F-11D3-BF4B-00C04F79EFBC}") = "infra", "src\infrastructure\infra.csproj", "{F0FB5671-CF8E-4893-A823-D7C2783EDA6D}"
EndProject
Project("{FAE04EC0-301F-11D3-BF4B-00C04F79EFBC}") = "tryout.api", "src\presentation\tryout.api\tryout.api.csproj", "{F63E40E4-5855-4667-A218-B5734D9EB502}"
EndProject
Project("{FAE04EC0-301F-11D3-BF4B-00C04F79EFBC}") = "tryout.api.tests", "tests\tryout.api.tests.csproj", "{EDFA2A4B-C87E-4FF4-A1E2-CDF983A94AF1}"
EndProject
Project("{FAE04EC0-301F-11D3-BF4B-00C04F79EFBC}") = "domain", "src\core\domain\domain.csproj", "{9C2584B3-9B57-4A83-A007-55DE5184DFC4}"
EndProject
Global
	GlobalSection(SolutionConfigurationPlatforms) = preSolution
		Debug|Any CPU = Debug|Any CPU
		Release|Any CPU = Release|Any CPU
	EndGlobalSection
	GlobalSection(ProjectConfigurationPlatforms) = postSolution
		{5C1C98A3-7A21-4376-98D6-F152F3E12F4B}.Debug|Any CPU.ActiveCfg = Debug|Any CPU
		{5C1C98A3-7A21-4376-98D6-F152F3E12F4B}.Debug|Any CPU.Build.0 = Debug|Any CPU
		{5C1C98A3-7A21-4376-98D6-F152F3E12F4B}.Release|Any CPU.ActiveCfg = Release|Any CPU
		{5C1C98A3-7A21-4376-98D6-F152F3E12F4B}.Release|Any CPU.Build.0 = Release|Any CPU
		{768E4E0C-4421-43FC-B704-053C397148C8}.Debug|Any CPU.ActiveCfg = Debug|Any CPU
		{768E4E0C-4421-43FC-B704-053C397148C8}.Debug|Any CPU.Build.0 = Debug|Any CPU
		{768E4E0C-4421-43FC-B704-053C397148C8}.Release|Any CPU.ActiveCfg = Release|Any CPU
		{768E4E0C-4421-43FC-B704-053C397148C8}.Release|Any CPU.Build.0 = Release|Any CPU
		{B7ADF4E0-7C4B-4ABC-B14B-C25D5F07ACC7}.Debug|Any CPU.ActiveCfg = Debug|Any CPU
		{B7ADF4E0-7C4B-4ABC-B14B-C25D5F07ACC7}.Debug|Any CPU.Build.0 = Debug|Any CPU
		{B7ADF4E0-7C4B-4ABC-B14B-C25D5F07ACC7}.Release|Any CPU.ActiveCfg = Release|Any CPU
		{B7ADF4E0-7C4B-4ABC-B14B-C25D5F07ACC7}.Release|Any CPU.Build.0 = Release|Any CPU
		{3169B152-F13F-4F80-92A7-9CF8CC2775C4}.Debug|Any CPU.ActiveCfg = Debug|Any CPU
		{3169B152-F13F-4F80-92A7-9CF8CC2775C4}.Debug|Any CPU.Build.0 = Debug|Any CPU
		{3169B152-F13F-4F80-92A7-9CF8CC2775C4}.Release|Any CPU.ActiveCfg = Release|Any CPU
		{3169B152-F13F-4F80-92A7-9CF8CC2775C4}.Release|Any CPU.Build.0 = Release|Any CPU
		{8A18830A-9CAB-4190-89EB-A4CDE27F6523}.Debug|Any CPU.ActiveCfg = Debug|Any CPU
		{8A18830A-9CAB-4190-89EB-A4CDE27F6523}.Debug|Any CPU.Build.0 = Debug|Any CPU
		{8A18830A-9CAB-4190-89EB-A4CDE27F6523}.Release|Any CPU.ActiveCfg = Release|Any CPU
		{8A18830A-9CAB-4190-89EB-A4CDE27F6523}.Release|Any CPU.Build.0 = Release|Any CPU
		{1FED9C8C-C1E3-4606-A9F9-95DE0407BAA0}.Debug|Any CPU.ActiveCfg = Debug|Any CPU
		{1FED9C8C-C1E3-4606-A9F9-95DE0407BAA0}.Debug|Any CPU.Build.0 = Debug|Any CPU
		{1FED9C8C-C1E3-4606-A9F9-95DE0407BAA0}.Release|Any CPU.ActiveCfg = Release|Any CPU
		{1FED9C8C-C1E3-4606-A9F9-95DE0407BAA0}.Release|Any CPU.Build.0 = Release|Any CPU
		{7980645C-FFFC-4B21-B4A1-BC6A0A910AF0}.Debug|Any CPU.ActiveCfg = Debug|Any CPU
		{7980645C-FFFC-4B21-B4A1-BC6A0A910AF0}.Debug|Any CPU.Build.0 = Debug|Any CPU
		{7980645C-FFFC-4B21-B4A1-BC6A0A910AF0}.Release|Any CPU.ActiveCfg = Release|Any CPU
		{7980645C-FFFC-4B21-B4A1-BC6A0A910AF0}.Release|Any CPU.Build.0 = Release|Any CPU
		{F0FB5671-CF8E-4893-A823-D7C2783EDA6D}.Debug|Any CPU.ActiveCfg = Debug|Any CPU
		{F0FB5671-CF8E-4893-A823-D7C2783EDA6D}.Debug|Any CPU.Build.0 = Debug|Any CPU
		{F0FB5671-CF8E-4893-A823-D7C2783EDA6D}.Release|Any CPU.ActiveCfg = Release|Any CPU
		{F0FB5671-CF8E-4893-A823-D7C2783EDA6D}.Release|Any CPU.Build.0 = Release|Any CPU
		{F63E40E4-5855-4667-A218-B5734D9EB502}.Debug|Any CPU.ActiveCfg = Debug|Any CPU
		{F63E40E4-5855-4667-A218-B5734D9EB502}.Debug|Any CPU.Build.0 = Debug|Any CPU
		{F63E40E4-5855-4667-A218-B5734D9EB502}.Release|Any CPU.ActiveCfg = Release|Any CPU
		{F63E40E4-5855-4667-A218-B5734D9EB502}.Release|Any CPU.Build.0 = Release|Any CPU
		{EDFA2A4B-C87E-4FF4-A1E2-CDF983A94AF1}.Debug|Any CPU.ActiveCfg = Debug|Any CPU
		{EDFA2A4B-C87E-4FF4-A1E2-CDF983A94AF1}.Debug|Any CPU.Build.0 = Debug|Any CPU
		{EDFA2A4B-C87E-4FF4-A1E2-CDF983A94AF1}.Release|Any CPU.ActiveCfg = Release|Any CPU
		{EDFA2A4B-C87E-4FF4-A1E2-CDF983A94AF1}.Release|Any CPU.Build.0 = Release|Any CPU
		{9C2584B3-9B57-4A83-A007-55DE5184DFC4}.Debug|Any CPU.ActiveCfg = Debug|Any CPU
		{9C2584B3-9B57-4A83-A007-55DE5184DFC4}.Debug|Any CPU.Build.0 = Debug|Any CPU
		{9C2584B3-9B57-4A83-A007-55DE5184DFC4}.Release|Any CPU.ActiveCfg = Release|Any CPU
		{9C2584B3-9B57-4A83-A007-55DE5184DFC4}.Release|Any CPU.Build.0 = Release|Any CPU
	EndGlobalSection
	GlobalSection(SolutionProperties) = preSolution
		HideSolutionNode = FALSE
	EndGlobalSection
	GlobalSection(ExtensibilityGlobals) = postSolution
		SolutionGuid = {C197A387-9E05-456F-93F6-F982331C5518}
	EndGlobalSection
	GlobalSection(NestedProjects) = preSolution
		{768E4E0C-4421-43FC-B704-053C397148C8} = {E4CF55EC-5620-4F66-BF7E-3F4644965DD9}
		{EE52BF22-D2ED-422B-8869-BB2A9C811FB9} = {BA1BE5D7-A6B3-4E39-AC6F-011AE13A210F}
		{5C1C98A3-7A21-4376-98D6-F152F3E12F4B} = {EE52BF22-D2ED-422B-8869-BB2A9C811FB9}
		{0925075D-9A80-4A13-A401-F461B0990E1F} = {BA1BE5D7-A6B3-4E39-AC6F-011AE13A210F}
		{5C51174F-39DD-4D26-949A-F20F270A2CEC} = {BA1BE5D7-A6B3-4E39-AC6F-011AE13A210F}
		{B7ADF4E0-7C4B-4ABC-B14B-C25D5F07ACC7} = {5C51174F-39DD-4D26-949A-F20F270A2CEC}
		{3169B152-F13F-4F80-92A7-9CF8CC2775C4} = {0925075D-9A80-4A13-A401-F461B0990E1F}
		{8A18830A-9CAB-4190-89EB-A4CDE27F6523} = {5C51174F-39DD-4D26-949A-F20F270A2CEC}
		{1FED9C8C-C1E3-4606-A9F9-95DE0407BAA0} = {5C51174F-39DD-4D26-949A-F20F270A2CEC}
		{7980645C-FFFC-4B21-B4A1-BC6A0A910AF0} = {5C51174F-39DD-4D26-949A-F20F270A2CEC}
		{F0FB5671-CF8E-4893-A823-D7C2783EDA6D} = {0925075D-9A80-4A13-A401-F461B0990E1F}
		{F63E40E4-5855-4667-A218-B5734D9EB502} = {EE52BF22-D2ED-422B-8869-BB2A9C811FB9}
		{EDFA2A4B-C87E-4FF4-A1E2-CDF983A94AF1} = {E4CF55EC-5620-4F66-BF7E-3F4644965DD9}
		{9C2584B3-9B57-4A83-A007-55DE5184DFC4} = {5C51174F-39DD-4D26-949A-F20F270A2CEC}
	EndGlobalSection
EndGlobal
